// !$*UTF8*$!
{
	archiveVersion = 1;
	classes = {
	};
	objectVersion = 56;
	objects = {

/* Begin PBXBuildFile section */
		0938D9792B49838B0088CF89 /* AppDelegate.swift in Sources */ = {isa = PBXBuildFile; fileRef = 0938D9782B49838B0088CF89 /* AppDelegate.swift */; };
		0938D97B2B49838B0088CF89 /* SceneDelegate.swift in Sources */ = {isa = PBXBuildFile; fileRef = 0938D97A2B49838B0088CF89 /* SceneDelegate.swift */; };
		0938D97D2B49838B0088CF89 /* ViewController.swift in Sources */ = {isa = PBXBuildFile; fileRef = 0938D97C2B49838B0088CF89 /* ViewController.swift */; };
		0938D9832B49838B0088CF89 /* Fabric.xcdatamodeld in Sources */ = {isa = PBXBuildFile; fileRef = 0938D9812B49838B0088CF89 /* Fabric.xcdatamodeld */; };
		0938D9852B49838D0088CF89 /* Assets.xcassets in Resources */ = {isa = PBXBuildFile; fileRef = 0938D9842B49838D0088CF89 /* Assets.xcassets */; };
		0938D9882B49838D0088CF89 /* LaunchScreen.storyboard in Resources */ = {isa = PBXBuildFile; fileRef = 0938D9862B49838D0088CF89 /* LaunchScreen.storyboard */; };
		0938D9902B498E600088CF89 /* CharactersModel.swift in Sources */ = {isa = PBXBuildFile; fileRef = 0938D98F2B498E600088CF89 /* CharactersModel.swift */; };
		0938D9922B498F5B0088CF89 /* NetworkService.swift in Sources */ = {isa = PBXBuildFile; fileRef = 0938D9912B498F5B0088CF89 /* NetworkService.swift */; };
		0938D9942B4992F80088CF89 /* Views.swift in Sources */ = {isa = PBXBuildFile; fileRef = 0938D9932B4992F80088CF89 /* Views.swift */; };
		0938D9962B49987E0088CF89 /* CoreDataStack.swift in Sources */ = {isa = PBXBuildFile; fileRef = 0938D9952B49987E0088CF89 /* CoreDataStack.swift */; };
		0938D9992B49994C0088CF89 /* CharacterData+CoreDataClass.swift in Sources */ = {isa = PBXBuildFile; fileRef = 0938D9972B49994C0088CF89 /* CharacterData+CoreDataClass.swift */; };
		0938D99A2B49994C0088CF89 /* CharacterData+CoreDataProperties.swift in Sources */ = {isa = PBXBuildFile; fileRef = 0938D9982B49994C0088CF89 /* CharacterData+CoreDataProperties.swift */; };
		0938D99C2B4999E80088CF89 /* ModelFactory.swift in Sources */ = {isa = PBXBuildFile; fileRef = 0938D99B2B4999E80088CF89 /* ModelFactory.swift */; };
/* End PBXBuildFile section */

/* Begin PBXFileReference section */
		0938D9752B49838B0088CF89 /* Fabric.app */ = {isa = PBXFileReference; explicitFileType = wrapper.application; includeInIndex = 0; path = Fabric.app; sourceTree = BUILT_PRODUCTS_DIR; };
		0938D9782B49838B0088CF89 /* AppDelegate.swift */ = {isa = PBXFileReference; lastKnownFileType = sourcecode.swift; path = AppDelegate.swift; sourceTree = "<group>"; };
		0938D97A2B49838B0088CF89 /* SceneDelegate.swift */ = {isa = PBXFileReference; lastKnownFileType = sourcecode.swift; path = SceneDelegate.swift; sourceTree = "<group>"; };
		0938D97C2B49838B0088CF89 /* ViewController.swift */ = {isa = PBXFileReference; lastKnownFileType = sourcecode.swift; path = ViewController.swift; sourceTree = "<group>"; };
		0938D9822B49838B0088CF89 /* Fabric.xcdatamodel */ = {isa = PBXFileReference; lastKnownFileType = wrapper.xcdatamodel; path = Fabric.xcdatamodel; sourceTree = "<group>"; };
		0938D9842B49838D0088CF89 /* Assets.xcassets */ = {isa = PBXFileReference; lastKnownFileType = folder.assetcatalog; path = Assets.xcassets; sourceTree = "<group>"; };
		0938D9872B49838D0088CF89 /* Base */ = {isa = PBXFileReference; lastKnownFileType = file.storyboard; name = Base; path = Base.lproj/LaunchScreen.storyboard; sourceTree = "<group>"; };
		0938D9892B49838D0088CF89 /* Info.plist */ = {isa = PBXFileReference; lastKnownFileType = text.plist.xml; path = Info.plist; sourceTree = "<group>"; };
		0938D98F2B498E600088CF89 /* CharactersModel.swift */ = {isa = PBXFileReference; lastKnownFileType = sourcecode.swift; path = CharactersModel.swift; sourceTree = "<group>"; };
		0938D9912B498F5B0088CF89 /* NetworkService.swift */ = {isa = PBXFileReference; lastKnownFileType = sourcecode.swift; path = NetworkService.swift; sourceTree = "<group>"; };
		0938D9932B4992F80088CF89 /* Views.swift */ = {isa = PBXFileReference; lastKnownFileType = sourcecode.swift; path = Views.swift; sourceTree = "<group>"; };
		0938D9952B49987E0088CF89 /* CoreDataStack.swift */ = {isa = PBXFileReference; lastKnownFileType = sourcecode.swift; path = CoreDataStack.swift; sourceTree = "<group>"; };
		0938D9972B49994C0088CF89 /* CharacterData+CoreDataClass.swift */ = {isa = PBXFileReference; lastKnownFileType = sourcecode.swift; path = "CharacterData+CoreDataClass.swift"; sourceTree = "<group>"; };
		0938D9982B49994C0088CF89 /* CharacterData+CoreDataProperties.swift */ = {isa = PBXFileReference; lastKnownFileType = sourcecode.swift; path = "CharacterData+CoreDataProperties.swift"; sourceTree = "<group>"; };
		0938D99B2B4999E80088CF89 /* ModelFactory.swift */ = {isa = PBXFileReference; lastKnownFileType = sourcecode.swift; path = ModelFactory.swift; sourceTree = "<group>"; };
/* End PBXFileReference section */

/* Begin PBXFrameworksBuildPhase section */
		0938D9722B49838B0088CF89 /* Frameworks */ = {
			isa = PBXFrameworksBuildPhase;
			buildActionMask = 2147483647;
			files = (
			);
			runOnlyForDeploymentPostprocessing = 0;
		};
/* End PBXFrameworksBuildPhase section */

/* Begin PBXGroup section */
		0938D96C2B49838B0088CF89 = {
			isa = PBXGroup;
			children = (
				0938D9972B49994C0088CF89 /* CharacterData+CoreDataClass.swift */,
				0938D9982B49994C0088CF89 /* CharacterData+CoreDataProperties.swift */,
				0938D9772B49838B0088CF89 /* Fabric */,
				0938D9762B49838B0088CF89 /* Products */,
			);
			sourceTree = "<group>";
		};
		0938D9762B49838B0088CF89 /* Products */ = {
			isa = PBXGroup;
			children = (
				0938D9752B49838B0088CF89 /* Fabric.app */,
			);
			name = Products;
			sourceTree = "<group>";
		};
		0938D9772B49838B0088CF89 /* Fabric */ = {
			isa = PBXGroup;
			children = (
				0938D9782B49838B0088CF89 /* AppDelegate.swift */,
				0938D97A2B49838B0088CF89 /* SceneDelegate.swift */,
				0938D97C2B49838B0088CF89 /* ViewController.swift */,
				0938D9842B49838D0088CF89 /* Assets.xcassets */,
				0938D9862B49838D0088CF89 /* LaunchScreen.storyboard */,
				0938D9892B49838D0088CF89 /* Info.plist */,
				0938D9812B49838B0088CF89 /* Fabric.xcdatamodeld */,
				0938D98F2B498E600088CF89 /* CharactersModel.swift */,
				0938D9912B498F5B0088CF89 /* NetworkService.swift */,
				0938D9932B4992F80088CF89 /* Views.swift */,
				0938D9952B49987E0088CF89 /* CoreDataStack.swift */,
				0938D99B2B4999E80088CF89 /* ModelFactory.swift */,
			);
			path = Fabric;
			sourceTree = "<group>";
		};
/* End PBXGroup section */

/* Begin PBXNativeTarget section */
		0938D9742B49838B0088CF89 /* Fabric */ = {
			isa = PBXNativeTarget;
			buildConfigurationList = 0938D98C2B49838D0088CF89 /* Build configuration list for PBXNativeTarget "Fabric" */;
			buildPhases = (
				0938D9712B49838B0088CF89 /* Sources */,
				0938D9722B49838B0088CF89 /* Frameworks */,
				0938D9732B49838B0088CF89 /* Resources */,
			);
			buildRules = (
			);
			dependencies = (
			);
			name = Fabric;
			productName = Fabric;
			productReference = 0938D9752B49838B0088CF89 /* Fabric.app */;
			productType = "com.apple.product-type.application";
		};
/* End PBXNativeTarget section */

/* Begin PBXProject section */
		0938D96D2B49838B0088CF89 /* Project object */ = {
			isa = PBXProject;
			attributes = {
				BuildIndependentTargetsInParallel = 1;
				LastSwiftUpdateCheck = 1510;
				LastUpgradeCheck = 1510;
				TargetAttributes = {
					0938D9742B49838B0088CF89 = {
						CreatedOnToolsVersion = 15.1;
					};
				};
			};
			buildConfigurationList = 0938D9702B49838B0088CF89 /* Build configuration list for PBXProject "Fabric" */;
			compatibilityVersion = "Xcode 14.0";
			developmentRegion = en;
			hasScannedForEncodings = 0;
			knownRegions = (
				en,
				Base,
			);
			mainGroup = 0938D96C2B49838B0088CF89;
			productRefGroup = 0938D9762B49838B0088CF89 /* Products */;
			projectDirPath = "";
			projectRoot = "";
			targets = (
				0938D9742B49838B0088CF89 /* Fabric */,
			);
		};
/* End PBXProject section */

/* Begin PBXResourcesBuildPhase section */
		0938D9732B49838B0088CF89 /* Resources */ = {
			isa = PBXResourcesBuildPhase;
			buildActionMask = 2147483647;
			files = (
				0938D9882B49838D0088CF89 /* LaunchScreen.storyboard in Resources */,
				0938D9852B49838D0088CF89 /* Assets.xcassets in Resources */,
			);
			runOnlyForDeploymentPostprocessing = 0;
		};
/* End PBXResourcesBuildPhase section */

/* Begin PBXSourcesBuildPhase section */
		0938D9712B49838B0088CF89 /* Sources */ = {
			isa = PBXSourcesBuildPhase;
			buildActionMask = 2147483647;
			files = (
				0938D9902B498E600088CF89 /* CharactersModel.swift in Sources */,
				0938D97D2B49838B0088CF89 /* ViewController.swift in Sources */,
				0938D9992B49994C0088CF89 /* CharacterData+CoreDataClass.swift in Sources */,
				0938D99C2B4999E80088CF89 /* ModelFactory.swift in Sources */,
				0938D9792B49838B0088CF89 /* AppDelegate.swift in Sources */,
				0938D9942B4992F80088CF89 /* Views.swift in Sources */,
				0938D9832B49838B0088CF89 /* Fabric.xcdatamodeld in Sources */,
				0938D9922B498F5B0088CF89 /* NetworkService.swift in Sources */,
				0938D99A2B49994C0088CF89 /* CharacterData+CoreDataProperties.swift in Sources */,
				0938D97B2B49838B0088CF89 /* SceneDelegate.swift in Sources */,
				0938D9962B49987E0088CF89 /* CoreDataStack.swift in Sources */,
			);
			runOnlyForDeploymentPostprocessing = 0;
		};
/* End PBXSourcesBuildPhase section */

/* Begin PBXVariantGroup section */
		0938D9862B49838D0088CF89 /* LaunchScreen.storyboard */ = {
			isa = PBXVariantGroup;
			children = (
				0938D9872B49838D0088CF89 /* Base */,
			);
			name = LaunchScreen.storyboard;
			sourceTree = "<group>";
		};
/* End PBXVariantGroup section */

/* Begin XCBuildConfiguration section */
		0938D98A2B49838D0088CF89 /* Debug */ = {
			isa = XCBuildConfiguration;
			buildSettings = {
				ALWAYS_SEARCH_USER_PATHS = NO;
				ASSETCATALOG_COMPILER_GENERATE_SWIFT_ASSET_SYMBOL_EXTENSIONS = YES;
				CLANG_ANALYZER_NONNULL = YES;
				CLANG_ANALYZER_NUMBER_OBJECT_CONVERSION = YES_AGGRESSIVE;
				CLANG_CXX_LANGUAGE_STANDARD = "gnu++20";
				CLANG_ENABLE_MODULES = YES;
				CLANG_ENABLE_OBJC_ARC = YES;
				CLANG_ENABLE_OBJC_WEAK = YES;
				CLANG_WARN_BLOCK_CAPTURE_AUTORELEASING = YES;
				CLANG_WARN_BOOL_CONVERSION = YES;
				CLANG_WARN_COMMA = YES;
				CLANG_WARN_CONSTANT_CONVERSION = YES;
				CLANG_WARN_DEPRECATED_OBJC_IMPLEMENTATIONS = YES;
				CLANG_WARN_DIRECT_OBJC_ISA_USAGE = YES_ERROR;
				CLANG_WARN_DOCUMENTATION_COMMENTS = YES;
				CLANG_WARN_EMPTY_BODY = YES;
				CLANG_WARN_ENUM_CONVERSION = YES;
				CLANG_WARN_INFINITE_RECURSION = YES;
				CLANG_WARN_INT_CONVERSION = YES;
				CLANG_WARN_NON_LITERAL_NULL_CONVERSION = YES;
				CLANG_WARN_OBJC_IMPLICIT_RETAIN_SELF = YES;
				CLANG_WARN_OBJC_LITERAL_CONVERSION = YES;
				CLANG_WARN_OBJC_ROOT_CLASS = YES_ERROR;
				CLANG_WARN_QUOTED_INCLUDE_IN_FRAMEWORK_HEADER = YES;
				CLANG_WARN_RANGE_LOOP_ANALYSIS = YES;
				CLANG_WARN_STRICT_PROTOTYPES = YES;
				CLANG_WARN_SUSPICIOUS_MOVE = YES;
				CLANG_WARN_UNGUARDED_AVAILABILITY = YES_AGGRESSIVE;
				CLANG_WARN_UNREACHABLE_CODE = YES;
				CLANG_WARN__DUPLICATE_METHOD_MATCH = YES;
				COPY_PHASE_STRIP = NO;
				DEBUG_INFORMATION_FORMAT = dwarf;
				ENABLE_STRICT_OBJC_MSGSEND = YES;
				ENABLE_TESTABILITY = YES;
				ENABLE_USER_SCRIPT_SANDBOXING = YES;
				GCC_C_LANGUAGE_STANDARD = gnu17;
				GCC_DYNAMIC_NO_PIC = NO;
				GCC_NO_COMMON_BLOCKS = YES;
				GCC_OPTIMIZATION_LEVEL = 0;
				GCC_PREPROCESSOR_DEFINITIONS = (
					"DEBUG=1",
					"$(inherited)",
				);
				GCC_WARN_64_TO_32_BIT_CONVERSION = YES;
				GCC_WARN_ABOUT_RETURN_TYPE = YES_ERROR;
				GCC_WARN_UNDECLARED_SELECTOR = YES;
				GCC_WARN_UNINITIALIZED_AUTOS = YES_AGGRESSIVE;
				GCC_WARN_UNUSED_FUNCTION = YES;
				GCC_WARN_UNUSED_VARIABLE = YES;
				IPHONEOS_DEPLOYMENT_TARGET = 17.2;
				LOCALIZATION_PREFERS_STRING_CATALOGS = YES;
				MTL_ENABLE_DEBUG_INFO = INCLUDE_SOURCE;
				MTL_FAST_MATH = YES;
				ONLY_ACTIVE_ARCH = YES;
				SDKROOT = iphoneos;
				SWIFT_ACTIVE_COMPILATION_CONDITIONS = "DEBUG $(inherited)";
				SWIFT_OPTIMIZATION_LEVEL = "-Onone";
			};
			name = Debug;
		};
		0938D98B2B49838D0088CF89 /* Release */ = {
			isa = XCBuildConfiguration;
			buildSettings = {
				ALWAYS_SEARCH_USER_PATHS = NO;
				ASSETCATALOG_COMPILER_GENERATE_SWIFT_ASSET_SYMBOL_EXTENSIONS = YES;
				CLANG_ANALYZER_NONNULL = YES;
				CLANG_ANALYZER_NUMBER_OBJECT_CONVERSION = YES_AGGRESSIVE;
				CLANG_CXX_LANGUAGE_STANDARD = "gnu++20";
				CLANG_ENABLE_MODULES = YES;
				CLANG_ENABLE_OBJC_ARC = YES;
				CLANG_ENABLE_OBJC_WEAK = YES;
				CLANG_WARN_BLOCK_CAPTURE_AUTORELEASING = YES;
				CLANG_WARN_BOOL_CONVERSION = YES;
				CLANG_WARN_COMMA = YES;
				CLANG_WARN_CONSTANT_CONVERSION = YES;
				CLANG_WARN_DEPRECATED_OBJC_IMPLEMENTATIONS = YES;
				CLANG_WARN_DIRECT_OBJC_ISA_USAGE = YES_ERROR;
				CLANG_WARN_DOCUMENTATION_COMMENTS = YES;
				CLANG_WARN_EMPTY_BODY = YES;
				CLANG_WARN_ENUM_CONVERSION = YES;
				CLANG_WARN_INFINITE_RECURSION = YES;
				CLANG_WARN_INT_CONVERSION = YES;
				CLANG_WARN_NON_LITERAL_NULL_CONVERSION = YES;
				CLANG_WARN_OBJC_IMPLICIT_RETAIN_SELF = YES;
				CLANG_WARN_OBJC_LITERAL_CONVERSION = YES;
				CLANG_WARN_OBJC_ROOT_CLASS = YES_ERROR;
				CLANG_WARN_QUOTED_INCLUDE_IN_FRAMEWORK_HEADER = YES;
				CLANG_WARN_RANGE_LOOP_ANALYSIS = YES;
				CLANG_WARN_STRICT_PROTOTYPES = YES;
				CLANG_WARN_SUSPICIOUS_MOVE = YES;
				CLANG_WARN_UNGUARDED_AVAILABILITY = YES_AGGRESSIVE;
				CLANG_WARN_UNREACHABLE_CODE = YES;
				CLANG_WARN__DUPLICATE_METHOD_MATCH = YES;
				COPY_PHASE_STRIP = NO;
				DEBUG_INFORMATION_FORMAT = "dwarf-with-dsym";
				ENABLE_NS_ASSERTIONS = NO;
				ENABLE_STRICT_OBJC_MSGSEND = YES;
				ENABLE_USER_SCRIPT_SANDBOXING = YES;
				GCC_C_LANGUAGE_STANDARD = gnu17;
				GCC_NO_COMMON_BLOCKS = YES;
				GCC_WARN_64_TO_32_BIT_CONVERSION = YES;
				GCC_WARN_ABOUT_RETURN_TYPE = YES_ERROR;
				GCC_WARN_UNDECLARED_SELECTOR = YES;
				GCC_WARN_UNINITIALIZED_AUTOS = YES_AGGRESSIVE;
				GCC_WARN_UNUSED_FUNCTION = YES;
				GCC_WARN_UNUSED_VARIABLE = YES;
				IPHONEOS_DEPLOYMENT_TARGET = 17.2;
				LOCALIZATION_PREFERS_STRING_CATALOGS = YES;
				MTL_ENABLE_DEBUG_INFO = NO;
				MTL_FAST_MATH = YES;
				SDKROOT = iphoneos;
				SWIFT_COMPILATION_MODE = wholemodule;
				VALIDATE_PRODUCT = YES;
			};
			name = Release;
		};
		0938D98D2B49838D0088CF89 /* Debug */ = {
			isa = XCBuildConfiguration;
			buildSettings = {
				ASSETCATALOG_COMPILER_APPICON_NAME = AppIcon;
				ASSETCATALOG_COMPILER_GLOBAL_ACCENT_COLOR_NAME = AccentColor;
				CODE_SIGN_STYLE = Automatic;
				CURRENT_PROJECT_VERSION = 1;
				DEVELOPMENT_TEAM = 44S95Z526W;
				GENERATE_INFOPLIST_FILE = YES;
				INFOPLIST_FILE = Fabric/Info.plist;
				INFOPLIST_KEY_UIApplicationSupportsIndirectInputEvents = YES;
				INFOPLIST_KEY_UILaunchStoryboardName = LaunchScreen;
				INFOPLIST_KEY_UISupportedInterfaceOrientations = UIInterfaceOrientationPortrait;
				INFOPLIST_KEY_UISupportedInterfaceOrientations_iPad = "UIInterfaceOrientationLandscapeLeft UIInterfaceOrientationLandscapeRight UIInterfaceOrientationPortrait UIInterfaceOrientationPortraitUpsideDown";
				LD_RUNPATH_SEARCH_PATHS = (
					"$(inherited)",
					"@executable_path/Frameworks",
				);
				MARKETING_VERSION = 1.0;
				PRODUCT_BUNDLE_IDENTIFIER = com.kuznetsovIlya.Fabric;
				PRODUCT_NAME = "$(TARGET_NAME)";
				SUPPORTED_PLATFORMS = "iphoneos iphonesimulator";
				SUPPORTS_MACCATALYST = NO;
				SUPPORTS_MAC_DESIGNED_FOR_IPHONE_IPAD = NO;
				SWIFT_EMIT_LOC_STRINGS = YES;
				SWIFT_VERSION = 5.0;
				TARGETED_DEVICE_FAMILY = 1;
			};
			name = Debug;
		};
		0938D98E2B49838D0088CF89 /* Release */ = {
			isa = XCBuildConfiguration;
			buildSettings = {
				ASSETCATALOG_COMPILER_APPICON_NAME = AppIcon;
				ASSETCATALOG_COMPILER_GLOBAL_ACCENT_COLOR_NAME = AccentColor;
				CODE_SIGN_STYLE = Automatic;
				CURRENT_PROJECT_VERSION = 1;
				DEVELOPMENT_TEAM = 44S95Z526W;
				GENERATE_INFOPLIST_FILE = YES;
				INFOPLIST_FILE = Fabric/Info.plist;
				INFOPLIST_KEY_UIApplicationSupportsIndirectInputEvents = YES;
				INFOPLIST_KEY_UILaunchStoryboardName = LaunchScreen;
				INFOPLIST_KEY_UISupportedInterfaceOrientations = UIInterfaceOrientationPortrait;
				INFOPLIST_KEY_UISupportedInterfaceOrientations_iPad = "UIInterfaceOrientationLandscapeLeft UIInterfaceOrientationLandscapeRight UIInterfaceOrientationPortrait UIInterfaceOrientationPortraitUpsideDown";
				LD_RUNPATH_SEARCH_PATHS = (
					"$(inherited)",
					"@executable_path/Frameworks",
				);
				MARKETING_VERSION = 1.0;
				PRODUCT_BUNDLE_IDENTIFIER = com.kuznetsovIlya.Fabric;
				PRODUCT_NAME = "$(TARGET_NAME)";
				SUPPORTED_PLATFORMS = "iphoneos iphonesimulator";
				SUPPORTS_MACCATALYST = NO;
				SUPPORTS_MAC_DESIGNED_FOR_IPHONE_IPAD = NO;
				SWIFT_EMIT_LOC_STRINGS = YES;
				SWIFT_VERSION = 5.0;
				TARGETED_DEVICE_FAMILY = 1;
			};
			name = Release;
		};
/* End XCBuildConfiguration section */

/* Begin XCConfigurationList section */
		0938D9702B49838B0088CF89 /* Build configuration list for PBXProject "Fabric" */ = {
			isa = XCConfigurationList;
			buildConfigurations = (
				0938D98A2B49838D0088CF89 /* Debug */,
				0938D98B2B49838D0088CF89 /* Release */,
			);
			defaultConfigurationIsVisible = 0;
			defaultConfigurationName = Release;
		};
		0938D98C2B49838D0088CF89 /* Build configuration list for PBXNativeTarget "Fabric" */ = {
			isa = XCConfigurationList;
			buildConfigurations = (
				0938D98D2B49838D0088CF89 /* Debug */,
				0938D98E2B49838D0088CF89 /* Release */,
			);
			defaultConfigurationIsVisible = 0;
			defaultConfigurationName = Release;
		};
/* End XCConfigurationList section */

/* Begin XCVersionGroup section */
		0938D9812B49838B0088CF89 /* Fabric.xcdatamodeld */ = {
			isa = XCVersionGroup;
			children = (
				0938D9822B49838B0088CF89 /* Fabric.xcdatamodel */,
			);
			currentVersion = 0938D9822B49838B0088CF89 /* Fabric.xcdatamodel */;
			path = Fabric.xcdatamodeld;
			sourceTree = "<group>";
			versionGroupType = wrapper.xcdatamodel;
		};
/* End XCVersionGroup section */
	};
	rootObject = 0938D96D2B49838B0088CF89 /* Project object */;
}
